// !$*UTF8*$!
{
	archiveVersion = 1;
	classes = {
	};
	objectVersion = 46;
	objects = {

/* Begin PBXBuildFile section */
		2C8725981ADE1C8200942608 /* main.m in Sources */ = {isa = PBXBuildFile; fileRef = 2C8725971ADE1C8200942608 /* main.m */; };
		2C87259B1ADE1C8200942608 /* AppDelegate.m in Sources */ = {isa = PBXBuildFile; fileRef = 2C87259A1ADE1C8200942608 /* AppDelegate.m */; };
		2C87259E1ADE1C8200942608 /* ViewController.m in Sources */ = {isa = PBXBuildFile; fileRef = 2C87259D1ADE1C8200942608 /* ViewController.m */; };
		2C8725A11ADE1C8200942608 /* Main.storyboard in Resources */ = {isa = PBXBuildFile; fileRef = 2C87259F1ADE1C8200942608 /* Main.storyboard */; };
		2C8725A31ADE1C8200942608 /* Images.xcassets in Resources */ = {isa = PBXBuildFile; fileRef = 2C8725A21ADE1C8200942608 /* Images.xcassets */; };
		2C8725A61ADE1C8200942608 /* LaunchScreen.xib in Resources */ = {isa = PBXBuildFile; fileRef = 2C8725A41ADE1C8200942608 /* LaunchScreen.xib */; };
		2C8725B21ADE1C8200942608 /* ThePomodoroTests.m in Sources */ = {isa = PBXBuildFile; fileRef = 2C8725B11ADE1C8200942608 /* ThePomodoroTests.m */; };
/* End PBXBuildFile section */

/* Begin PBXContainerItemProxy section */
		2C8725AC1ADE1C8200942608 /* PBXContainerItemProxy */ = {
			isa = PBXContainerItemProxy;
			containerPortal = 2C87258A1ADE1C8200942608 /* Project object */;
			proxyType = 1;
			remoteGlobalIDString = 2C8725911ADE1C8200942608;
			remoteInfo = ThePomodoro;
		};
/* End PBXContainerItemProxy section */

/* Begin PBXFileReference section */
		2C8725921ADE1C8200942608 /* ThePomodoro.app */ = {isa = PBXFileReference; explicitFileType = wrapper.application; includeInIndex = 0; path = ThePomodoro.app; sourceTree = BUILT_PRODUCTS_DIR; };
		2C8725961ADE1C8200942608 /* Info.plist */ = {isa = PBXFileReference; lastKnownFileType = text.plist.xml; path = Info.plist; sourceTree = "<group>"; };
		2C8725971ADE1C8200942608 /* main.m */ = {isa = PBXFileReference; lastKnownFileType = sourcecode.c.objc; path = main.m; sourceTree = "<group>"; };
		2C8725991ADE1C8200942608 /* AppDelegate.h */ = {isa = PBXFileReference; lastKnownFileType = sourcecode.c.h; path = AppDelegate.h; sourceTree = "<group>"; };
		2C87259A1ADE1C8200942608 /* AppDelegate.m */ = {isa = PBXFileReference; lastKnownFileType = sourcecode.c.objc; path = AppDelegate.m; sourceTree = "<group>"; };
		2C87259C1ADE1C8200942608 /* ViewController.h */ = {isa = PBXFileReference; lastKnownFileType = sourcecode.c.h; path = ViewController.h; sourceTree = "<group>"; };
		2C87259D1ADE1C8200942608 /* ViewController.m */ = {isa = PBXFileReference; lastKnownFileType = sourcecode.c.objc; path = ViewController.m; sourceTree = "<group>"; };
		2C8725A01ADE1C8200942608 /* Base */ = {isa = PBXFileReference; lastKnownFileType = file.storyboard; name = Base; path = Base.lproj/Main.storyboard; sourceTree = "<group>"; };
		2C8725A21ADE1C8200942608 /* Images.xcassets */ = {isa = PBXFileReference; lastKnownFileType = folder.assetcatalog; path = Images.xcassets; sourceTree = "<group>"; };
		2C8725A51ADE1C8200942608 /* Base */ = {isa = PBXFileReference; lastKnownFileType = file.xib; name = Base; path = Base.lproj/LaunchScreen.xib; sourceTree = "<group>"; };
		2C8725AB1ADE1C8200942608 /* ThePomodoroTests.xctest */ = {isa = PBXFileReference; explicitFileType = wrapper.cfbundle; includeInIndex = 0; path = ThePomodoroTests.xctest; sourceTree = BUILT_PRODUCTS_DIR; };
		2C8725B01ADE1C8200942608 /* Info.plist */ = {isa = PBXFileReference; lastKnownFileType = text.plist.xml; path = Info.plist; sourceTree = "<group>"; };
		2C8725B11ADE1C8200942608 /* ThePomodoroTests.m */ = {isa = PBXFileReference; lastKnownFileType = sourcecode.c.objc; path = ThePomodoroTests.m; sourceTree = "<group>"; };
/* End PBXFileReference section */

/* Begin PBXFrameworksBuildPhase section */
		2C87258F1ADE1C8200942608 /* Frameworks */ = {
			isa = PBXFrameworksBuildPhase;
			buildActionMask = 2147483647;
			files = (
			);
			runOnlyForDeploymentPostprocessing = 0;
		};
		2C8725A81ADE1C8200942608 /* Frameworks */ = {
			isa = PBXFrameworksBuildPhase;
			buildActionMask = 2147483647;
			files = (
			);
			runOnlyForDeploymentPostprocessing = 0;
		};
/* End PBXFrameworksBuildPhase section */

/* Begin PBXGroup section */
		2C8725891ADE1C8200942608 = {
			isa = PBXGroup;
			children = (
				2C8725941ADE1C8200942608 /* ThePomodoro */,
				2C8725AE1ADE1C8200942608 /* ThePomodoroTests */,
				2C8725931ADE1C8200942608 /* Products */,
			);
			sourceTree = "<group>";
		};
		2C8725931ADE1C8200942608 /* Products */ = {
			isa = PBXGroup;
			children = (
				2C8725921ADE1C8200942608 /* ThePomodoro.app */,
				2C8725AB1ADE1C8200942608 /* ThePomodoroTests.xctest */,
			);
			name = Products;
			sourceTree = "<group>";
		};
		2C8725941ADE1C8200942608 /* ThePomodoro */ = {
			isa = PBXGroup;
			children = (
				2C8725991ADE1C8200942608 /* AppDelegate.h */,
				2C87259A1ADE1C8200942608 /* AppDelegate.m */,
				2C87259C1ADE1C8200942608 /* ViewController.h */,
				2C87259D1ADE1C8200942608 /* ViewController.m */,
				2C87259F1ADE1C8200942608 /* Main.storyboard */,
				2C8725A21ADE1C8200942608 /* Images.xcassets */,
				2C8725A41ADE1C8200942608 /* LaunchScreen.xib */,
				2C8725951ADE1C8200942608 /* Supporting Files */,
			);
			path = ThePomodoro;
			sourceTree = "<group>";
		};
		2C8725951ADE1C8200942608 /* Supporting Files */ = {
			isa = PBXGroup;
			children = (
				2C8725961ADE1C8200942608 /* Info.plist */,
				2C8725971ADE1C8200942608 /* main.m */,
			);
			name = "Supporting Files";
			sourceTree = "<group>";
		};
		2C8725AE1ADE1C8200942608 /* ThePomodoroTests */ = {
			isa = PBXGroup;
			children = (
				2C8725B11ADE1C8200942608 /* ThePomodoroTests.m */,
				2C8725AF1ADE1C8200942608 /* Supporting Files */,
			);
			path = ThePomodoroTests;
			sourceTree = "<group>";
		};
		2C8725AF1ADE1C8200942608 /* Supporting Files */ = {
			isa = PBXGroup;
			children = (
				2C8725B01ADE1C8200942608 /* Info.plist */,
			);
			name = "Supporting Files";
			sourceTree = "<group>";
		};
/* End PBXGroup section */

/* Begin PBXNativeTarget section */
		2C8725911ADE1C8200942608 /* ThePomodoro */ = {
			isa = PBXNativeTarget;
			buildConfigurationList = 2C8725B51ADE1C8200942608 /* Build configuration list for PBXNativeTarget "ThePomodoro" */;
			buildPhases = (
				2C87258E1ADE1C8200942608 /* Sources */,
				2C87258F1ADE1C8200942608 /* Frameworks */,
				2C8725901ADE1C8200942608 /* Resources */,
			);
			buildRules = (
			);
			dependencies = (
			);
			name = ThePomodoro;
			productName = ThePomodoro;
			productReference = 2C8725921ADE1C8200942608 /* ThePomodoro.app */;
			productType = "com.apple.product-type.application";
		};
		2C8725AA1ADE1C8200942608 /* ThePomodoroTests */ = {
			isa = PBXNativeTarget;
			buildConfigurationList = 2C8725B81ADE1C8200942608 /* Build configuration list for PBXNativeTarget "ThePomodoroTests" */;
			buildPhases = (
				2C8725A71ADE1C8200942608 /* Sources */,
				2C8725A81ADE1C8200942608 /* Frameworks */,
				2C8725A91ADE1C8200942608 /* Resources */,
			);
			buildRules = (
			);
			dependencies = (
				2C8725AD1ADE1C8200942608 /* PBXTargetDependency */,
			);
			name = ThePomodoroTests;
			productName = ThePomodoroTests;
			productReference = 2C8725AB1ADE1C8200942608 /* ThePomodoroTests.xctest */;
			productType = "com.apple.product-type.bundle.unit-test";
		};
/* End PBXNativeTarget section */

/* Begin PBXProject section */
		2C87258A1ADE1C8200942608 /* Project object */ = {
			isa = PBXProject;
			attributes = {
				LastUpgradeCheck = 0620;
				ORGANIZATIONNAME = "Alan Barth";
				TargetAttributes = {
					2C8725911ADE1C8200942608 = {
						CreatedOnToolsVersion = 6.2;
					};
					2C8725AA1ADE1C8200942608 = {
						CreatedOnToolsVersion = 6.2;
						TestTargetID = 2C8725911ADE1C8200942608;
					};
				};
			};
			buildConfigurationList = 2C87258D1ADE1C8200942608 /* Build configuration list for PBXProject "ThePomodoro" */;
			compatibilityVersion = "Xcode 3.2";
			developmentRegion = English;
			hasScannedForEncodings = 0;
			knownRegions = (
				en,
				Base,
			);
			mainGroup = 2C8725891ADE1C8200942608;
			productRefGroup = 2C8725931ADE1C8200942608 /* Products */;
			projectDirPath = "";
			projectRoot = "";
			targets = (
				2C8725911ADE1C8200942608 /* ThePomodoro */,
				2C8725AA1ADE1C8200942608 /* ThePomodoroTests */,
			);
		};
/* End PBXProject section */

/* Begin PBXResourcesBuildPhase section */
		2C8725901ADE1C8200942608 /* Resources */ = {
			isa = PBXResourcesBuildPhase;
			buildActionMask = 2147483647;
			files = (
				2C8725A11ADE1C8200942608 /* Main.storyboard in Resources */,
				2C8725A61ADE1C8200942608 /* LaunchScreen.xib in Resources */,
				2C8725A31ADE1C8200942608 /* Images.xcassets in Resources */,
			);
			runOnlyForDeploymentPostprocessing = 0;
		};
		2C8725A91ADE1C8200942608 /* Resources */ = {
			isa = PBXResourcesBuildPhase;
			buildActionMask = 2147483647;
			files = (
			);
			runOnlyForDeploymentPostprocessing = 0;
		};
/* End PBXResourcesBuildPhase section */

/* Begin PBXSourcesBuildPhase section */
		2C87258E1ADE1C8200942608 /* Sources */ = {
			isa = PBXSourcesBuildPhase;
			buildActionMask = 2147483647;
			files = (
				2C87259E1ADE1C8200942608 /* ViewController.m in Sources */,
				2C87259B1ADE1C8200942608 /* AppDelegate.m in Sources */,
				2C8725981ADE1C8200942608 /* main.m in Sources */,
			);
			runOnlyForDeploymentPostprocessing = 0;
		};
		2C8725A71ADE1C8200942608 /* Sources */ = {
			isa = PBXSourcesBuildPhase;
			buildActionMask = 2147483647;
			files = (
				2C8725B21ADE1C8200942608 /* ThePomodoroTests.m in Sources */,
			);
			runOnlyForDeploymentPostprocessing = 0;
		};
/* End PBXSourcesBuildPhase section */

/* Begin PBXTargetDependency section */
		2C8725AD1ADE1C8200942608 /* PBXTargetDependency */ = {
			isa = PBXTargetDependency;
			target = 2C8725911ADE1C8200942608 /* ThePomodoro */;
			targetProxy = 2C8725AC1ADE1C8200942608 /* PBXContainerItemProxy */;
		};
/* End PBXTargetDependency section */

/* Begin PBXVariantGroup section */
		2C87259F1ADE1C8200942608 /* Main.storyboard */ = {
			isa = PBXVariantGroup;
			children = (
				2C8725A01ADE1C8200942608 /* Base */,
			);
			name = Main.storyboard;
			sourceTree = "<group>";
		};
		2C8725A41ADE1C8200942608 /* LaunchScreen.xib */ = {
			isa = PBXVariantGroup;
			children = (
				2C8725A51ADE1C8200942608 /* Base */,
			);
			name = LaunchScreen.xib;
			sourceTree = "<group>";
		};
/* End PBXVariantGroup section */

/* Begin XCBuildConfiguration section */
		2C8725B31ADE1C8200942608 /* Debug */ = {
			isa = XCBuildConfiguration;
			buildSettings = {
				ALWAYS_SEARCH_USER_PATHS = NO;
				CLANG_CXX_LANGUAGE_STANDARD = "gnu++0x";
				CLANG_CXX_LIBRARY = "libc++";
				CLANG_ENABLE_MODULES = YES;
				CLANG_ENABLE_OBJC_ARC = YES;
				CLANG_WARN_BOOL_CONVERSION = YES;
				CLANG_WARN_CONSTANT_CONVERSION = YES;
				CLANG_WARN_DIRECT_OBJC_ISA_USAGE = YES_ERROR;
				CLANG_WARN_EMPTY_BODY = YES;
				CLANG_WARN_ENUM_CONVERSION = YES;
				CLANG_WARN_INT_CONVERSION = YES;
				CLANG_WARN_OBJC_ROOT_CLASS = YES_ERROR;
				CLANG_WARN_UNREACHABLE_CODE = YES;
				CLANG_WARN__DUPLICATE_METHOD_MATCH = YES;
				"CODE_SIGN_IDENTITY[sdk=iphoneos*]" = "iPhone Developer";
				COPY_PHASE_STRIP = NO;
				ENABLE_STRICT_OBJC_MSGSEND = YES;
				GCC_C_LANGUAGE_STANDARD = gnu99;
				GCC_DYNAMIC_NO_PIC = NO;
				GCC_OPTIMIZATION_LEVEL = 0;
				GCC_PREPROCESSOR_DEFINITIONS = (
					"DEBUG=1",
					"$(inherited)",
				);
				GCC_SYMBOLS_PRIVATE_EXTERN = NO;
				GCC_WARN_64_TO_32_BIT_CONVERSION = YES;
				GCC_WARN_ABOUT_RETURN_TYPE = YES_ERROR;
				GCC_WARN_UNDECLARED_SELECTOR = YES;
				GCC_WARN_UNINITIALIZED_AUTOS = YES_AGGRESSIVE;
				GCC_WARN_UNUSED_FUNCTION = YES;
				GCC_WARN_UNUSED_VARIABLE = YES;
				IPHONEOS_DEPLOYMENT_TARGET = 8.2;
				MTL_ENABLE_DEBUG_INFO = YES;
				ONLY_ACTIVE_ARCH = YES;
				SDKROOT = iphoneos;
			};
			name = Debug;
		};
		2C8725B41ADE1C8200942608 /* Release */ = {
			isa = XCBuildConfiguration;
			buildSettings = {
				ALWAYS_SEARCH_USER_PATHS = NO;
				CLANG_CXX_LANGUAGE_STANDARD = "gnu++0x";
				CLANG_CXX_LIBRARY = "libc++";
				CLANG_ENABLE_MODULES = YES;
				CLANG_ENABLE_OBJC_ARC = YES;
				CLANG_WARN_BOOL_CONVERSION = YES;
				CLANG_WARN_CONSTANT_CONVERSION = YES;
				CLANG_WARN_DIRECT_OBJC_ISA_USAGE = YES_ERROR;
				CLANG_WARN_EMPTY_BODY = YES;
				CLANG_WARN_ENUM_CONVERSION = YES;
				CLANG_WARN_INT_CONVERSION = YES;
				CLANG_WARN_OBJC_ROOT_CLASS = YES_ERROR;
				CLANG_WARN_UNREACHABLE_CODE = YES;
				CLANG_WARN__DUPLICATE_METHOD_MATCH = YES;
				"CODE_SIGN_IDENTITY[sdk=iphoneos*]" = "iPhone Developer";
				COPY_PHASE_STRIP = NO;
				ENABLE_NS_ASSERTIONS = NO;
				ENABLE_STRICT_OBJC_MSGSEND = YES;
				GCC_C_LANGUAGE_STANDARD = gnu99;
				GCC_WARN_64_TO_32_BIT_CONVERSION = YES;
				GCC_WARN_ABOUT_RETURN_TYPE = YES_ERROR;
				GCC_WARN_UNDECLARED_SELECTOR = YES;
				GCC_WARN_UNINITIALIZED_AUTOS = YES_AGGRESSIVE;
				GCC_WARN_UNUSED_FUNCTION = YES;
				GCC_WARN_UNUSED_VARIABLE = YES;
				IPHONEOS_DEPLOYMENT_TARGET = 8.2;
				MTL_ENABLE_DEBUG_INFO = NO;
				SDKROOT = iphoneos;
				VALIDATE_PRODUCT = YES;
			};
			name = Release;
		};
		2C8725B61ADE1C8200942608 /* Debug */ = {
			isa = XCBuildConfiguration;
			buildSettings = {
				ASSETCATALOG_COMPILER_APPICON_NAME = AppIcon;
				INFOPLIST_FILE = ThePomodoro/Info.plist;
				LD_RUNPATH_SEARCH_PATHS = "$(inherited) @executable_path/Frameworks";
				PRODUCT_NAME = "$(TARGET_NAME)";
			};
			name = Debug;
		};
		2C8725B71ADE1C8200942608 /* Release */ = {
			isa = XCBuildConfiguration;
			buildSettings = {
				ASSETCATALOG_COMPILER_APPICON_NAME = AppIcon;
				INFOPLIST_FILE = ThePomodoro/Info.plist;
				LD_RUNPATH_SEARCH_PATHS = "$(inherited) @executable_path/Frameworks";
				PRODUCT_NAME = "$(TARGET_NAME)";
			};
			name = Release;
		};
		2C8725B91ADE1C8200942608 /* Debug */ = {
			isa = XCBuildConfiguration;
			buildSettings = {
				BUNDLE_LOADER = "$(TEST_HOST)";
				FRAMEWORK_SEARCH_PATHS = (
					"$(SDKROOT)/Developer/Library/Frameworks",
					"$(inherited)",
				);
				GCC_PREPROCESSOR_DEFINITIONS = (
					"DEBUG=1",
					"$(inherited)",
				);
				INFOPLIST_FILE = ThePomodoroTests/Info.plist;
				LD_RUNPATH_SEARCH_PATHS = "$(inherited) @executable_path/Frameworks @loader_path/Frameworks";
				PRODUCT_NAME = "$(TARGET_NAME)";
				TEST_HOST = "$(BUILT_PRODUCTS_DIR)/ThePomodoro.app/ThePomodoro";
			};
			name = Debug;
		};
		2C8725BA1ADE1C8200942608 /* Release */ = {
			isa = XCBuildConfiguration;
			buildSettings = {
				BUNDLE_LOADER = "$(TEST_HOST)";
				FRAMEWORK_SEARCH_PATHS = (
					"$(SDKROOT)/Developer/Library/Frameworks",
					"$(inherited)",
				);
				INFOPLIST_FILE = ThePomodoroTests/Info.plist;
				LD_RUNPATH_SEARCH_PATHS = "$(inherited) @executable_path/Frameworks @loader_path/Frameworks";
				PRODUCT_NAME = "$(TARGET_NAME)";
				TEST_HOST = "$(BUILT_PRODUCTS_DIR)/ThePomodoro.app/ThePomodoro";
			};
			name = Release;
		};
/* End XCBuildConfiguration section */

/* Begin XCConfigurationList section */
		2C87258D1ADE1C8200942608 /* Build configuration list for PBXProject "ThePomodoro" */ = {
			isa = XCConfigurationList;
			buildConfigurations = (
				2C8725B31ADE1C8200942608 /* Debug */,
				2C8725B41ADE1C8200942608 /* Release */,
			);
			defaultConfigurationIsVisible = 0;
			defaultConfigurationName = Release;
		};
		2C8725B51ADE1C8200942608 /* Build configuration list for PBXNativeTarget "ThePomodoro" */ = {
			isa = XCConfigurationList;
			buildConfigurations = (
				2C8725B61ADE1C8200942608 /* Debug */,
				2C8725B71ADE1C8200942608 /* Release */,
			);
			defaultConfigurationIsVisible = 0;
		};
		2C8725B81ADE1C8200942608 /* Build configuration list for PBXNativeTarget "ThePomodoroTests" */ = {
			isa = XCConfigurationList;
			buildConfigurations = (
				2C8725B91ADE1C8200942608 /* Debug */,
				2C8725BA1ADE1C8200942608 /* Release */,
			);
			defaultConfigurationIsVisible = 0;
		};
/* End XCConfigurationList section */
	};
	rootObject = 2C87258A1ADE1C8200942608 /* Project object */;
}
